{
  "version": 4,
  "terraform_version": "1.2.2",
  "serial": 52,
  "lineage": "20efdeff-6697-706c-e4da-156584c764ba",
  "outputs": {
    "public_ip_address": {
      "value": "abhijitvm1: 40.121.139.174",
      "type": "string"
    }
  },
  "resources": [
    {
      "mode": "data",
      "type": "azurerm_public_ip",
      "name": "abhijitipdata",
      "provider": "provider[\"registry.terraform.io/hashicorp/azurerm\"]",
      "instances": [
        {
          "schema_version": 0,
          "attributes": {
            "allocation_method": "Dynamic",
            "domain_name_label": "",
            "fqdn": "",
            "id": "/subscriptions/bdcee6f9-b49d-42d6-a922-11bd09d4f196/resourceGroups/abhijitrg1/providers/Microsoft.Network/publicIPAddresses/abhijitPublicIp1",
            "idle_timeout_in_minutes": 4,
            "ip_address": "40.121.139.174",
            "ip_tags": {},
            "ip_version": "IPv4",
            "location": "eastus",
            "name": "abhijitPublicIp1",
            "resource_group_name": "abhijitrg1",
            "reverse_fqdn": "",
            "sku": "Basic",
            "tags": {
              "environment": "dev"
            },
            "timeouts": null,
            "zones": []
          },
          "sensitive_attributes": []
        }
      ]
    },
    {
      "mode": "managed",
      "type": "azurerm_linux_virtual_machine",
      "name": "abhijitvm1",
      "provider": "provider[\"registry.terraform.io/hashicorp/azurerm\"]",
      "instances": [
        {
          "schema_version": 0,
          "attributes": {
            "additional_capabilities": [],
            "admin_password": null,
            "admin_ssh_key": [
              {
                "public_key": "ssh-rsa AAAAB3NzaC1yc2EAAAADAQABAAABgQDYh0X7E7FpG8qbm4iOxYunpOloNlYjyJqvQr3C8gK3OVWrnSK4PO+0F2G9nfTDKCs1WJiSchU9/aZlHsnGyruiUX1BkibqAmzCeF3tJg4N2UwQX7SEWA1mq3qc0T1/5agtRypwVOTPQRIWM9n9HbkwFf1rVI9Us0jP6saxxDdSoW21Ift+PQZR3OVpSYB5ulaRsjM6fuEHCU2TIwZZeiMz0akDxA/WCQelw5Buq332riba8EKBMLWZI4/ZdoJl99clE6/Ea0Cvzqrlv2ROUj2oS+I8jn8I7rmgJYcsJ0oWlvudIqsoO8NfNMX8Snm99l5rYi7sZKFpOxntfBZN/xnzK1X3X6QIlNYbOlPj/BsBX8as0/y29xQCOTY16cT6pOWmIizNUSu6G09ZsjqCyCCUCsEFn/T5XfU4T2af/aXugbHCvZB5/gQlYtta6LONGpf1+VCnAwXYh6U1l0bLURz91vesv1dq6JpriP+/K9zx861MgmZ4e9R3F1j+L22Wghc= primesoft\\abhunia@abhunia-LAP\r\n",
                "username": "adminuser"
              }
            ],
            "admin_username": "adminuser",
            "allow_extension_operations": true,
            "availability_set_id": "",
            "boot_diagnostics": [],
            "computer_name": "abhijitvm1",
            "custom_data": "IyEvYmluL2Jhc2gNCnN1ZG8gYXB0LWdldCB1cGRhdGUgLXkgJiYNCnN1ZG8gYXB0LWdldCBpbnN0YWxsIC15IFwNCmFwdC10cmFuc3BvcnQtaHR0cHMgXA0KY2EtY2VydGlmaWNhdGVzIFwNCmN1cmwgXA0KZ251cGctYWdlbnQgXA0Kc29mdHdhcmUtcHJvcGVydGllcy1jb21tb24gJiYNCmN1cmwgLWZzU0wgaHR0cHM6Ly9kb3dubG9hZC5kb2NrZXIuY29tL2xpbnV4L3VidW50dS9ncGcgfCBzdWRvIGFwdC1rZXkgYWRkIC0gJiYNCnN1ZG8gYWRkLWFwdC1yZXBvc2l0b3J5ICJkZWIgW2FyY2g9YW1kNjRdIGh0dHBzOi8vZG93bmxvYWQuZG9ja2VyLmNvbS9saW51eC91YnVudHUgJChsc2JfcmVsZWFzZSAtY3MpIHN0YWJsZSIgJiYNCnN1ZG8gYXB0LWdldCB1cGRhdGUgLXkgJiYNCnN1ZG8gc3VkbyBhcHQtZ2V0IGluc3RhbGwgZG9ja2VyLWNlIGRvY2tlci1jZS1jbGkgY29udGFpbmVyZC5pbyAteSAmJg0Kc3VkbyB1c2VybW9kIC1hRyBkb2NrZXIgdWJ1bnR1",
            "dedicated_host_group_id": "",
            "dedicated_host_id": "",
            "disable_password_authentication": true,
            "edge_zone": "",
            "encryption_at_host_enabled": false,
            "eviction_policy": "",
            "extensions_time_budget": "PT1H30M",
            "id": "/subscriptions/bdcee6f9-b49d-42d6-a922-11bd09d4f196/resourceGroups/abhijitrg1/providers/Microsoft.Compute/virtualMachines/abhijitvm1",
            "identity": [],
            "license_type": "",
            "location": "eastus",
            "max_bid_price": -1,
            "name": "abhijitvm1",
            "network_interface_ids": [
              "/subscriptions/bdcee6f9-b49d-42d6-a922-11bd09d4f196/resourceGroups/abhijitrg1/providers/Microsoft.Network/networkInterfaces/abhijitnic1"
            ],
            "os_disk": [
              {
                "caching": "ReadWrite",
                "diff_disk_settings": [],
                "disk_encryption_set_id": "",
                "disk_size_gb": 30,
                "name": "abhijitvm1_OsDisk_1_9610f4e5490142709ff97a06d471ca4c",
                "secure_vm_disk_encryption_set_id": "",
                "security_encryption_type": "",
                "storage_account_type": "Standard_LRS",
                "write_accelerator_enabled": false
              }
            ],
            "patch_mode": "ImageDefault",
            "plan": [],
            "platform_fault_domain": -1,
            "priority": "Regular",
            "private_ip_address": "10.123.1.4",
            "private_ip_addresses": [
              "10.123.1.4"
            ],
            "provision_vm_agent": true,
            "proximity_placement_group_id": "",
            "public_ip_address": "40.121.139.174",
            "public_ip_addresses": [
              "40.121.139.174"
            ],
            "resource_group_name": "abhijitrg1",
            "secret": [],
            "secure_boot_enabled": false,
            "size": "Standard_F2",
            "source_image_id": "",
            "source_image_reference": [
              {
                "offer": "UbuntuServer",
                "publisher": "Canonical",
                "sku": "16.04-LTS",
                "version": "latest"
              }
            ],
            "tags": {
              "environment": "dev"
            },
            "termination_notification": [],
            "timeouts": null,
            "user_data": "",
            "virtual_machine_id": "917979c1-c869-482b-8b49-b95825a6e356",
            "virtual_machine_scale_set_id": "",
            "vtpm_enabled": false,
            "zone": ""
          },
          "sensitive_attributes": [],
          "private": "eyJlMmJmYjczMC1lY2FhLTExZTYtOGY4OC0zNDM2M2JjN2M0YzAiOnsiY3JlYXRlIjoyNzAwMDAwMDAwMDAwLCJkZWxldGUiOjI3MDAwMDAwMDAwMDAsInJlYWQiOjMwMDAwMDAwMDAwMCwidXBkYXRlIjoyNzAwMDAwMDAwMDAwfX0=",
          "dependencies": [
            "azurerm_network_interface.abhijitnic1",
            "azurerm_public_ip.abhijitpip",
            "azurerm_resource_group.abhijitrg1",
            "azurerm_subnet.abhijitsubnet1",
            "azurerm_virtual_network.abhijitvn1"
          ]
        }
      ]
    },
    {
      "mode": "managed",
      "type": "azurerm_network_interface",
      "name": "abhijitnic1",
      "provider": "provider[\"registry.terraform.io/hashicorp/azurerm\"]",
      "instances": [
        {
          "schema_version": 0,
          "attributes": {
            "applied_dns_servers": [],
            "dns_servers": [],
            "edge_zone": "",
            "enable_accelerated_networking": false,
            "enable_ip_forwarding": false,
            "id": "/subscriptions/bdcee6f9-b49d-42d6-a922-11bd09d4f196/resourceGroups/abhijitrg1/providers/Microsoft.Network/networkInterfaces/abhijitnic1",
            "internal_dns_name_label": "",
            "internal_domain_name_suffix": "x0rgxv35pkuubf4nizmdz1p5gh.bx.internal.cloudapp.net",
            "ip_configuration": [
              {
                "gateway_load_balancer_frontend_ip_configuration_id": "",
                "name": "internal",
                "primary": true,
                "private_ip_address": "10.123.1.4",
                "private_ip_address_allocation": "Dynamic",
                "private_ip_address_version": "IPv4",
                "public_ip_address_id": "/subscriptions/bdcee6f9-b49d-42d6-a922-11bd09d4f196/resourceGroups/abhijitrg1/providers/Microsoft.Network/publicIPAddresses/abhijitPublicIp1",
                "subnet_id": "/subscriptions/bdcee6f9-b49d-42d6-a922-11bd09d4f196/resourceGroups/abhijitrg1/providers/Microsoft.Network/virtualNetworks/abhijitvn1/subnets/abhijitsubnet1"
              }
            ],
            "location": "eastus",
            "mac_address": "00-22-48-22-64-09",
            "name": "abhijitnic1",
            "private_ip_address": "10.123.1.4",
            "private_ip_addresses": [
              "10.123.1.4"
            ],
            "resource_group_name": "abhijitrg1",
            "tags": {
              "environment": "dev"
            },
            "timeouts": null,
            "virtual_machine_id": "/subscriptions/bdcee6f9-b49d-42d6-a922-11bd09d4f196/resourceGroups/abhijitrg1/providers/Microsoft.Compute/virtualMachines/abhijitvm1"
          },
          "sensitive_attributes": [],
          "private": "eyJlMmJmYjczMC1lY2FhLTExZTYtOGY4OC0zNDM2M2JjN2M0YzAiOnsiY3JlYXRlIjoxODAwMDAwMDAwMDAwLCJkZWxldGUiOjE4MDAwMDAwMDAwMDAsInJlYWQiOjMwMDAwMDAwMDAwMCwidXBkYXRlIjoxODAwMDAwMDAwMDAwfX0=",
          "dependencies": [
            "azurerm_public_ip.abhijitpip",
            "azurerm_resource_group.abhijitrg1",
            "azurerm_subnet.abhijitsubnet1",
            "azurerm_virtual_network.abhijitvn1"
          ]
        }
      ]
    },
    {
      "mode": "managed",
      "type": "azurerm_network_security_group",
      "name": "abhijitsg1",
      "provider": "provider[\"registry.terraform.io/hashicorp/azurerm\"]",
      "instances": [
        {
          "schema_version": 0,
          "attributes": {
            "id": "/subscriptions/bdcee6f9-b49d-42d6-a922-11bd09d4f196/resourceGroups/abhijitrg1/providers/Microsoft.Network/networkSecurityGroups/abhijitsg1",
            "location": "eastus",
            "name": "abhijitsg1",
            "resource_group_name": "abhijitrg1",
            "security_rule": [
              {
                "access": "Allow",
                "description": "",
                "destination_address_prefix": "*",
                "destination_address_prefixes": [],
                "destination_application_security_group_ids": [],
                "destination_port_range": "",
                "destination_port_ranges": [
                  "443",
                  "80"
                ],
                "direction": "Inbound",
                "name": "Internet",
                "priority": 101,
                "protocol": "*",
                "source_address_prefix": "*",
                "source_address_prefixes": [],
                "source_application_security_group_ids": [],
                "source_port_range": "*",
                "source_port_ranges": []
              },
              {
                "access": "Allow",
                "description": "",
                "destination_address_prefix": "*",
                "destination_address_prefixes": [],
                "destination_application_security_group_ids": [],
                "destination_port_range": "*",
                "destination_port_ranges": [],
                "direction": "Outbound",
                "name": "abhijitsgrule1",
                "priority": 100,
                "protocol": "Tcp",
                "source_address_prefix": "*",
                "source_address_prefixes": [],
                "source_application_security_group_ids": [],
                "source_port_range": "*",
                "source_port_ranges": []
              },
              {
                "access": "Allow",
                "description": "",
                "destination_address_prefix": "*",
                "destination_address_prefixes": [],
                "destination_application_security_group_ids": [],
                "destination_port_range": "22",
                "destination_port_ranges": [],
                "direction": "Inbound",
                "name": "SSH",
                "priority": 100,
                "protocol": "TCP",
                "source_address_prefix": "*",
                "source_address_prefixes": [],
                "source_application_security_group_ids": [],
                "source_port_range": "*",
                "source_port_ranges": []
              }
            ],
            "tags": {
              "environment": "dev"
            },
            "timeouts": null
          },
          "sensitive_attributes": [],
          "private": "eyJlMmJmYjczMC1lY2FhLTExZTYtOGY4OC0zNDM2M2JjN2M0YzAiOnsiY3JlYXRlIjoxODAwMDAwMDAwMDAwLCJkZWxldGUiOjE4MDAwMDAwMDAwMDAsInJlYWQiOjMwMDAwMDAwMDAwMCwidXBkYXRlIjoxODAwMDAwMDAwMDAwfX0=",
          "dependencies": [
            "azurerm_resource_group.abhijitrg1"
          ]
        }
      ]
    },
    {
      "mode": "managed",
      "type": "azurerm_network_security_rule",
      "name": "abhijitsgrule1",
      "provider": "provider[\"registry.terraform.io/hashicorp/azurerm\"]",
      "instances": [
        {
          "schema_version": 0,
          "attributes": {
            "access": "Allow",
            "description": "",
            "destination_address_prefix": "*",
            "destination_address_prefixes": [],
            "destination_application_security_group_ids": [],
            "destination_port_range": "*",
            "destination_port_ranges": [],
            "direction": "Outbound",
            "id": "/subscriptions/bdcee6f9-b49d-42d6-a922-11bd09d4f196/resourceGroups/abhijitrg1/providers/Microsoft.Network/networkSecurityGroups/abhijitsg1/securityRules/abhijitsgrule1",
            "name": "abhijitsgrule1",
            "network_security_group_name": "abhijitsg1",
            "priority": 100,
            "protocol": "Tcp",
            "resource_group_name": "abhijitrg1",
            "source_address_prefix": "*",
            "source_address_prefixes": [],
            "source_application_security_group_ids": [],
            "source_port_range": "*",
            "source_port_ranges": [],
            "timeouts": null
          },
          "sensitive_attributes": [],
          "private": "eyJlMmJmYjczMC1lY2FhLTExZTYtOGY4OC0zNDM2M2JjN2M0YzAiOnsiY3JlYXRlIjoxODAwMDAwMDAwMDAwLCJkZWxldGUiOjE4MDAwMDAwMDAwMDAsInJlYWQiOjMwMDAwMDAwMDAwMCwidXBkYXRlIjoxODAwMDAwMDAwMDAwfX0=",
          "dependencies": [
            "azurerm_network_security_group.abhijitsg1",
            "azurerm_resource_group.abhijitrg1"
          ]
        }
      ]
    },
    {
      "mode": "managed",
      "type": "azurerm_public_ip",
      "name": "abhijitpip",
      "provider": "provider[\"registry.terraform.io/hashicorp/azurerm\"]",
      "instances": [
        {
          "schema_version": 0,
          "attributes": {
            "allocation_method": "Dynamic",
            "domain_name_label": null,
            "edge_zone": "",
            "fqdn": null,
            "id": "/subscriptions/bdcee6f9-b49d-42d6-a922-11bd09d4f196/resourceGroups/abhijitrg1/providers/Microsoft.Network/publicIPAddresses/abhijitPublicIp1",
            "idle_timeout_in_minutes": 4,
            "ip_address": "40.121.139.174",
            "ip_tags": {},
            "ip_version": "IPv4",
            "location": "eastus",
            "name": "abhijitPublicIp1",
            "public_ip_prefix_id": null,
            "resource_group_name": "abhijitrg1",
            "reverse_fqdn": null,
            "sku": "Basic",
            "sku_tier": "Regional",
            "tags": {
              "environment": "dev"
            },
            "timeouts": null,
            "zones": []
          },
          "sensitive_attributes": [],
          "private": "eyJlMmJmYjczMC1lY2FhLTExZTYtOGY4OC0zNDM2M2JjN2M0YzAiOnsiY3JlYXRlIjoxODAwMDAwMDAwMDAwLCJkZWxldGUiOjE4MDAwMDAwMDAwMDAsInJlYWQiOjMwMDAwMDAwMDAwMCwidXBkYXRlIjoxODAwMDAwMDAwMDAwfX0=",
          "dependencies": [
            "azurerm_resource_group.abhijitrg1"
          ]
        }
      ]
    },
    {
      "mode": "managed",
      "type": "azurerm_resource_group",
      "name": "abhijitrg1",
      "provider": "provider[\"registry.terraform.io/hashicorp/azurerm\"]",
      "instances": [
        {
          "schema_version": 0,
          "attributes": {
            "id": "/subscriptions/bdcee6f9-b49d-42d6-a922-11bd09d4f196/resourceGroups/abhijitrg1",
            "location": "eastus",
            "name": "abhijitrg1",
            "tags": {
              "environment": "dev"
            },
            "timeouts": null
          },
          "sensitive_attributes": [],
          "private": "eyJlMmJmYjczMC1lY2FhLTExZTYtOGY4OC0zNDM2M2JjN2M0YzAiOnsiY3JlYXRlIjo1NDAwMDAwMDAwMDAwLCJkZWxldGUiOjU0MDAwMDAwMDAwMDAsInJlYWQiOjMwMDAwMDAwMDAwMCwidXBkYXRlIjo1NDAwMDAwMDAwMDAwfX0="
        }
      ]
    },
    {
      "mode": "managed",
      "type": "azurerm_subnet",
      "name": "abhijitsubnet1",
      "provider": "provider[\"registry.terraform.io/hashicorp/azurerm\"]",
      "instances": [
        {
          "schema_version": 0,
          "attributes": {
            "address_prefixes": [
              "10.123.1.0/24"
            ],
            "delegation": [],
            "enforce_private_link_endpoint_network_policies": false,
            "enforce_private_link_service_network_policies": false,
            "id": "/subscriptions/bdcee6f9-b49d-42d6-a922-11bd09d4f196/resourceGroups/abhijitrg1/providers/Microsoft.Network/virtualNetworks/abhijitvn1/subnets/abhijitsubnet1",
            "name": "abhijitsubnet1",
            "resource_group_name": "abhijitrg1",
            "service_endpoint_policy_ids": [],
            "service_endpoints": [],
            "timeouts": null,
            "virtual_network_name": "abhijitvn1"
          },
          "sensitive_attributes": [],
          "private": "eyJlMmJmYjczMC1lY2FhLTExZTYtOGY4OC0zNDM2M2JjN2M0YzAiOnsiY3JlYXRlIjoxODAwMDAwMDAwMDAwLCJkZWxldGUiOjE4MDAwMDAwMDAwMDAsInJlYWQiOjMwMDAwMDAwMDAwMCwidXBkYXRlIjoxODAwMDAwMDAwMDAwfX0=",
          "dependencies": [
            "azurerm_resource_group.abhijitrg1",
            "azurerm_virtual_network.abhijitvn1"
          ]
        }
      ]
    },
    {
      "mode": "managed",
      "type": "azurerm_subnet_network_security_group_association",
      "name": "abhijitsga",
      "provider": "provider[\"registry.terraform.io/hashicorp/azurerm\"]",
      "instances": [
        {
          "schema_version": 0,
          "attributes": {
            "id": "/subscriptions/bdcee6f9-b49d-42d6-a922-11bd09d4f196/resourceGroups/abhijitrg1/providers/Microsoft.Network/virtualNetworks/abhijitvn1/subnets/abhijitsubnet1",
            "network_security_group_id": "/subscriptions/bdcee6f9-b49d-42d6-a922-11bd09d4f196/resourceGroups/abhijitrg1/providers/Microsoft.Network/networkSecurityGroups/abhijitsg1",
            "subnet_id": "/subscriptions/bdcee6f9-b49d-42d6-a922-11bd09d4f196/resourceGroups/abhijitrg1/providers/Microsoft.Network/virtualNetworks/abhijitvn1/subnets/abhijitsubnet1",
            "timeouts": null
          },
          "sensitive_attributes": [],
          "private": "eyJlMmJmYjczMC1lY2FhLTExZTYtOGY4OC0zNDM2M2JjN2M0YzAiOnsiY3JlYXRlIjoxODAwMDAwMDAwMDAwLCJkZWxldGUiOjE4MDAwMDAwMDAwMDAsInJlYWQiOjMwMDAwMDAwMDAwMCwidXBkYXRlIjoxODAwMDAwMDAwMDAwfX0=",
          "dependencies": [
            "azurerm_network_security_group.abhijitsg1",
            "azurerm_resource_group.abhijitrg1",
            "azurerm_subnet.abhijitsubnet1",
            "azurerm_virtual_network.abhijitvn1"
          ]
        }
      ]
    },
    {
      "mode": "managed",
      "type": "azurerm_virtual_network",
      "name": "abhijitvn1",
      "provider": "provider[\"registry.terraform.io/hashicorp/azurerm\"]",
      "instances": [
        {
          "schema_version": 0,
          "attributes": {
            "address_space": [
              "10.123.0.0/16"
            ],
            "bgp_community": "",
            "ddos_protection_plan": [],
            "dns_servers": [],
            "edge_zone": "",
            "flow_timeout_in_minutes": 0,
            "guid": "d76ba2be-7abf-40a9-97cd-46583cedff37",
            "id": "/subscriptions/bdcee6f9-b49d-42d6-a922-11bd09d4f196/resourceGroups/abhijitrg1/providers/Microsoft.Network/virtualNetworks/abhijitvn1",
            "location": "eastus",
            "name": "abhijitvn1",
            "resource_group_name": "abhijitrg1",
            "subnet": [
              {
                "address_prefix": "10.123.1.0/24",
                "id": "/subscriptions/bdcee6f9-b49d-42d6-a922-11bd09d4f196/resourceGroups/abhijitrg1/providers/Microsoft.Network/virtualNetworks/abhijitvn1/subnets/abhijitsubnet1",
                "name": "abhijitsubnet1",
                "security_group": "/subscriptions/bdcee6f9-b49d-42d6-a922-11bd09d4f196/resourceGroups/abhijitrg1/providers/Microsoft.Network/networkSecurityGroups/abhijitsg1"
              }
            ],
            "tags": {
              "environment": "dev"
            },
            "timeouts": null
          },
          "sensitive_attributes": [],
          "private": "eyJlMmJmYjczMC1lY2FhLTExZTYtOGY4OC0zNDM2M2JjN2M0YzAiOnsiY3JlYXRlIjoxODAwMDAwMDAwMDAwLCJkZWxldGUiOjE4MDAwMDAwMDAwMDAsInJlYWQiOjMwMDAwMDAwMDAwMCwidXBkYXRlIjoxODAwMDAwMDAwMDAwfX0=",
          "dependencies": [
            "azurerm_resource_group.abhijitrg1"
          ]
        }
      ]
    }
  ]
}
